
Microsoft Visual Studio Solution File, Format Version 12.00
# Visual Studio Version 17
VisualStudioVersion = 17.9.34723.18
MinimumVisualStudioVersion = 10.0.40219.1
Project("{FAE04EC0-301F-11D3-BF4B-00C04F79EFBC}") = "GSO_Hotelreservierung", "GSO_Hotelreservierung\GSO_Hotelreservierung.csproj", "{CBB5B8D3-2E37-44E6-8B00-544D6A10F114}"
EndProject
Global
	GlobalSection(SolutionConfigurationPlatforms) = preSolution
		Debug|Any CPU = Debug|Any CPU
		Release|Any CPU = Release|Any CPU
	EndGlobalSection
	GlobalSection(ProjectConfigurationPlatforms) = postSolution
		{CBB5B8D3-2E37-44E6-8B00-544D6A10F114}.Debug|Any CPU.ActiveCfg = Debug|Any CPU
		{CBB5B8D3-2E37-44E6-8B00-544D6A10F114}.Debug|Any CPU.Build.0 = Debug|Any CPU
		{CBB5B8D3-2E37-44E6-8B00-544D6A10F114}.Release|Any CPU.ActiveCfg = Release|Any CPU
		{CBB5B8D3-2E37-44E6-8B00-544D6A10F114}.Release|Any CPU.Build.0 = Release|Any CPU
	EndGlobalSection
	GlobalSection(SolutionProperties) = preSolution
		HideSolutionNode = FALSE
	EndGlobalSection
	GlobalSection(ExtensibilityGlobals) = postSolution
		SolutionGuid = {5AC420D8-10C8-4196-AA22-96B6508BA47C}
	EndGlobalSection
EndGlobal
